# This file is automatically @generated by Cargo.
# It is not intended for manual editing.
version = 3

[[package]]
name = "loki-client"
version = "0.1.0"
dependencies = [
 "loki-shared",
 "lokui",
 "protolok",
]

[[package]]
name = "loki-server"
version = "0.1.0"
dependencies = [
 "loki-shared",
 "protolok",
]

[[package]]
name = "loki-shared"
version = "0.1.0"

[[package]]
name = "lokui"
version = "0.1.0"

[[package]]
name = "protolok"
version = "0.1.0"
